
Microsoft Visual Studio Solution File, Format Version 12.00
# Visual Studio Version 16
VisualStudioVersion = 16.0.30914.41
MinimumVisualStudioVersion = 10.0.40219.1
Project("{FAE04EC0-301F-11D3-BF4B-00C04F79EFBC}") = "BlazorTrainPlaying_BServer", "BlazorTrainPlaying_BServer.csproj", "{FAB54DEA-9E3E-4306-8BD1-2AD8BE32126C}"
EndProject
Global
	GlobalSection(SolutionConfigurationPlatforms) = preSolution
		Debug|Any CPU = Debug|Any CPU
		Release|Any CPU = Release|Any CPU
	EndGlobalSection
	GlobalSection(ProjectConfigurationPlatforms) = postSolution
		{FAB54DEA-9E3E-4306-8BD1-2AD8BE32126C}.Debug|Any CPU.ActiveCfg = Debug|Any CPU
		{FAB54DEA-9E3E-4306-8BD1-2AD8BE32126C}.Debug|Any CPU.Build.0 = Debug|Any CPU
		{FAB54DEA-9E3E-4306-8BD1-2AD8BE32126C}.Release|Any CPU.ActiveCfg = Release|Any CPU
		{FAB54DEA-9E3E-4306-8BD1-2AD8BE32126C}.Release|Any CPU.Build.0 = Release|Any CPU
	EndGlobalSection
	GlobalSection(SolutionProperties) = preSolution
		HideSolutionNode = FALSE
	EndGlobalSection
	GlobalSection(ExtensibilityGlobals) = postSolution
		SolutionGuid = {506381FE-C204-4557-BA12-47E97343D750}
	EndGlobalSection
EndGlobal
